
Microsoft Visual Studio Solution File, Format Version 12.00
# Visual Studio 15
VisualStudioVersion = 15.0.28010.2016
MinimumVisualStudioVersion = 10.0.40219.1
Project("{FAE04EC0-301F-11D3-BF4B-00C04F79EFBC}") = "SensorREST", "SensorREST\SensorREST.csproj", "{6C741CA1-3592-4300-8207-8D903648DF77}"
EndProject
Project("{FAE04EC0-301F-11D3-BF4B-00C04F79EFBC}") = "ModelLib", "ModelLib\ModelLib.csproj", "{D108A9BC-8705-4E14-8A7B-13AD0507FD0E}"
EndProject
Project("{FAE04EC0-301F-11D3-BF4B-00C04F79EFBC}") = "UDPProxy", "UDPProxy\UDPProxy.csproj", "{22D1C23B-8A3A-4A5F-853B-413359732B37}"
EndProject
Global
	GlobalSection(SolutionConfigurationPlatforms) = preSolution
		Debug|Any CPU = Debug|Any CPU
		Release|Any CPU = Release|Any CPU
	EndGlobalSection
	GlobalSection(ProjectConfigurationPlatforms) = postSolution
		{6C741CA1-3592-4300-8207-8D903648DF77}.Debug|Any CPU.ActiveCfg = Debug|Any CPU
		{6C741CA1-3592-4300-8207-8D903648DF77}.Debug|Any CPU.Build.0 = Debug|Any CPU
		{6C741CA1-3592-4300-8207-8D903648DF77}.Release|Any CPU.ActiveCfg = Release|Any CPU
		{6C741CA1-3592-4300-8207-8D903648DF77}.Release|Any CPU.Build.0 = Release|Any CPU
		{D108A9BC-8705-4E14-8A7B-13AD0507FD0E}.Debug|Any CPU.ActiveCfg = Debug|Any CPU
		{D108A9BC-8705-4E14-8A7B-13AD0507FD0E}.Debug|Any CPU.Build.0 = Debug|Any CPU
		{D108A9BC-8705-4E14-8A7B-13AD0507FD0E}.Release|Any CPU.ActiveCfg = Release|Any CPU
		{D108A9BC-8705-4E14-8A7B-13AD0507FD0E}.Release|Any CPU.Build.0 = Release|Any CPU
		{22D1C23B-8A3A-4A5F-853B-413359732B37}.Debug|Any CPU.ActiveCfg = Debug|Any CPU
		{22D1C23B-8A3A-4A5F-853B-413359732B37}.Debug|Any CPU.Build.0 = Debug|Any CPU
		{22D1C23B-8A3A-4A5F-853B-413359732B37}.Release|Any CPU.ActiveCfg = Release|Any CPU
		{22D1C23B-8A3A-4A5F-853B-413359732B37}.Release|Any CPU.Build.0 = Release|Any CPU
	EndGlobalSection
	GlobalSection(SolutionProperties) = preSolution
		HideSolutionNode = FALSE
	EndGlobalSection
	GlobalSection(ExtensibilityGlobals) = postSolution
		SolutionGuid = {C9661B4A-8536-4FE4-B0D0-E7A150ABC006}
	EndGlobalSection
EndGlobal
